
Microsoft Visual Studio Solution File, Format Version 12.00
# Visual Studio Version 16
VisualStudioVersion = 16.0.32126.315
MinimumVisualStudioVersion = 10.0.40219.1
Project("{FAE04EC0-301F-11D3-BF4B-00C04F79EFBC}") = "ClownProgram", "ClownProgram\ClownProgram.csproj", "{CA864540-6E0A-46C6-8FB6-BD982D329839}"
EndProject
Global
	GlobalSection(SolutionConfigurationPlatforms) = preSolution
		Debug|Any CPU = Debug|Any CPU
		Release|Any CPU = Release|Any CPU
	EndGlobalSection
	GlobalSection(ProjectConfigurationPlatforms) = postSolution
		{CA864540-6E0A-46C6-8FB6-BD982D329839}.Debug|Any CPU.ActiveCfg = Debug|Any CPU
		{CA864540-6E0A-46C6-8FB6-BD982D329839}.Debug|Any CPU.Build.0 = Debug|Any CPU
		{CA864540-6E0A-46C6-8FB6-BD982D329839}.Release|Any CPU.ActiveCfg = Release|Any CPU
		{CA864540-6E0A-46C6-8FB6-BD982D329839}.Release|Any CPU.Build.0 = Release|Any CPU
	EndGlobalSection
	GlobalSection(SolutionProperties) = preSolution
		HideSolutionNode = FALSE
	EndGlobalSection
	GlobalSection(ExtensibilityGlobals) = postSolution
		SolutionGuid = {678054FE-25BD-4BF1-A548-1AFE922B5F4B}
	EndGlobalSection
EndGlobal
